
Microsoft Visual Studio Solution File, Format Version 12.00
Project("{FAE04EC0-301F-11D3-BF4B-00C04F79EFBC}") = "MyOrganizer", "MyOrganizer\MyOrganizer.csproj", "{4F2E57E5-1D49-4FBE-84D4-7AAE90CC55B5}"
EndProject
Project("{FAE04EC0-301F-11D3-BF4B-00C04F79EFBC}") = "Db", "Db\Db.csproj", "{541B2854-1FD6-4412-AFFA-F9B94FC29E12}"
EndProject
Project("{FAE04EC0-301F-11D3-BF4B-00C04F79EFBC}") = "Domain", "Domain\Domain.csproj", "{EF59E1C2-80C5-4AF6-8B0D-7C8EB1468EEB}"
EndProject
Global
	GlobalSection(SolutionConfigurationPlatforms) = preSolution
		Debug|Any CPU = Debug|Any CPU
		Release|Any CPU = Release|Any CPU
	EndGlobalSection
	GlobalSection(ProjectConfigurationPlatforms) = postSolution
		{4F2E57E5-1D49-4FBE-84D4-7AAE90CC55B5}.Debug|Any CPU.ActiveCfg = Debug|Any CPU
		{4F2E57E5-1D49-4FBE-84D4-7AAE90CC55B5}.Debug|Any CPU.Build.0 = Debug|Any CPU
		{4F2E57E5-1D49-4FBE-84D4-7AAE90CC55B5}.Release|Any CPU.ActiveCfg = Release|Any CPU
		{4F2E57E5-1D49-4FBE-84D4-7AAE90CC55B5}.Release|Any CPU.Build.0 = Release|Any CPU
		{541B2854-1FD6-4412-AFFA-F9B94FC29E12}.Debug|Any CPU.ActiveCfg = Debug|Any CPU
		{541B2854-1FD6-4412-AFFA-F9B94FC29E12}.Debug|Any CPU.Build.0 = Debug|Any CPU
		{541B2854-1FD6-4412-AFFA-F9B94FC29E12}.Release|Any CPU.ActiveCfg = Release|Any CPU
		{541B2854-1FD6-4412-AFFA-F9B94FC29E12}.Release|Any CPU.Build.0 = Release|Any CPU
		{EF59E1C2-80C5-4AF6-8B0D-7C8EB1468EEB}.Debug|Any CPU.ActiveCfg = Debug|Any CPU
		{EF59E1C2-80C5-4AF6-8B0D-7C8EB1468EEB}.Debug|Any CPU.Build.0 = Debug|Any CPU
		{EF59E1C2-80C5-4AF6-8B0D-7C8EB1468EEB}.Release|Any CPU.ActiveCfg = Release|Any CPU
		{EF59E1C2-80C5-4AF6-8B0D-7C8EB1468EEB}.Release|Any CPU.Build.0 = Release|Any CPU
	EndGlobalSection
EndGlobal
